{
  "name": "codekite-fly-e2e-consumer",
  "version": "1.0.0",
  "lockfileVersion": 3,
  "requires": true,
  "packages": {
    "": {
      "name": "codekite-fly-e2e-consumer",
      "version": "1.0.0",
      "dependencies": {
        "@codekite/test-provider": "file:./packages/test-provider"
      }
    },
    "node_modules/@codekite/test-provider": {
      "resolved": "packages/test-provider",
      "link": true
    },
    "packages/test-provider": {
      "name": "@codekite/test-provider",
      "version": "1.0.0",
      "license": "UNLICENSED"
    }
  }
}
